github.com/wowchemy/wowchemy-hugo-modules/netlify-cms-academic v0.0.0-20210416205738-171648c80874 h1:Vxrhj9TcuvaPWTTp36r0tUdT0pwBv9F2FyiAigsJjN0=
github.com/wowchemy/wowchemy-hugo-modules/netlify-cms-academic v0.0.0-20210416205738-171648c80874/go.mod h1:TU3QDPUdBSQnvDP5QVCwjAkBIdVMS/bKFA8jr3eI5AY=
github.com/wowchemy/wowchemy-hugo-modules/wowchemy v0.0.0-20210413192202-ab8d28988e0e h1:l9ZvxE12kMiwIV5eMUAaQ64aopV7NaBMAIOSTy1kIqg=
github.com/wowchemy/wowchemy-hugo-modules/wowchemy v0.0.0-20210413192202-ab8d28988e0e/go.mod h1:H22qfH9qj3FWwsk7+bAZpmT24yRGNQURah2/IRwjbn8=
github.com/wowchemy/wowchemy-hugo-modules/wowchemy-cms v0.0.0-20210413192202-ab8d28988e0e h1:VVNzzaAkvHR7YEfqPB2wembtTOKSsW+1I5aKBm7zhh4=
github.com/wowchemy/wowchemy-hugo-modules/wowchemy-cms v0.0.0-20210413192202-ab8d28988e0e/go.mod h1:AKpYbqUVlj0VYsc7Jsxe1o8Ko2yV31A5ZPdfpACcXJw=
